// !$*UTF8*$!
{
	archiveVersion = 1;
	classes = {
	};
	objectVersion = 48;
	objects = {

/* Begin PBXBuildFile section */
		5FA832925334F720FD522C6F /* Pods_Smack.framework in Frameworks */ = {isa = PBXBuildFile; fileRef = 4CCE6144D2DC4D64B2585905 /* Pods_Smack.framework */; };
		CA8654DD1F3CCF21003B47D4 /* AppDelegate.swift in Sources */ = {isa = PBXBuildFile; fileRef = CA8654DC1F3CCF21003B47D4 /* AppDelegate.swift */; };
		CA8654E21F3CCF21003B47D4 /* Main.storyboard in Resources */ = {isa = PBXBuildFile; fileRef = CA8654E01F3CCF21003B47D4 /* Main.storyboard */; };
		CA8654E41F3CCF21003B47D4 /* Assets.xcassets in Resources */ = {isa = PBXBuildFile; fileRef = CA8654E31F3CCF21003B47D4 /* Assets.xcassets */; };
		CA8654E71F3CCF21003B47D4 /* LaunchScreen.storyboard in Resources */ = {isa = PBXBuildFile; fileRef = CA8654E51F3CCF21003B47D4 /* LaunchScreen.storyboard */; };
		CA8654EF1F3CCF49003B47D4 /* .gitignore in Resources */ = {isa = PBXBuildFile; fileRef = CA8654EE1F3CCF49003B47D4 /* .gitignore */; };
		CA8654F81F3D1599003B47D4 /* ChatVC.swift in Sources */ = {isa = PBXBuildFile; fileRef = CA8654F71F3D1599003B47D4 /* ChatVC.swift */; };
		CA8654FA1F3D15AB003B47D4 /* ChannelVC.swift in Sources */ = {isa = PBXBuildFile; fileRef = CA8654F91F3D15AB003B47D4 /* ChannelVC.swift */; };
		CA8655031F3D1CFA003B47D4 /* SWRevealViewController.m in Sources */ = {isa = PBXBuildFile; fileRef = CA8654FF1F3D19E2003B47D4 /* SWRevealViewController.m */; };
/* End PBXBuildFile section */

/* Begin PBXFileReference section */
		2F01A6B9BE7726A3491E5697 /* Pods-Smack.debug.xcconfig */ = {isa = PBXFileReference; includeInIndex = 1; lastKnownFileType = text.xcconfig; name = "Pods-Smack.debug.xcconfig"; path = "Pods/Target Support Files/Pods-Smack/Pods-Smack.debug.xcconfig"; sourceTree = "<group>"; };
		4CCE6144D2DC4D64B2585905 /* Pods_Smack.framework */ = {isa = PBXFileReference; explicitFileType = wrapper.framework; includeInIndex = 0; path = Pods_Smack.framework; sourceTree = BUILT_PRODUCTS_DIR; };
		6BB7F89E500FECA3C06EE424 /* Pods-Smack.release.xcconfig */ = {isa = PBXFileReference; includeInIndex = 1; lastKnownFileType = text.xcconfig; name = "Pods-Smack.release.xcconfig"; path = "Pods/Target Support Files/Pods-Smack/Pods-Smack.release.xcconfig"; sourceTree = "<group>"; };
		CA8654D91F3CCF21003B47D4 /* Smack.app */ = {isa = PBXFileReference; explicitFileType = wrapper.application; includeInIndex = 0; path = Smack.app; sourceTree = BUILT_PRODUCTS_DIR; };
		CA8654DC1F3CCF21003B47D4 /* AppDelegate.swift */ = {isa = PBXFileReference; lastKnownFileType = sourcecode.swift; path = AppDelegate.swift; sourceTree = "<group>"; };
		CA8654E11F3CCF21003B47D4 /* Base */ = {isa = PBXFileReference; lastKnownFileType = file.storyboard; name = Base; path = Base.lproj/Main.storyboard; sourceTree = "<group>"; };
		CA8654E31F3CCF21003B47D4 /* Assets.xcassets */ = {isa = PBXFileReference; lastKnownFileType = folder.assetcatalog; path = Assets.xcassets; sourceTree = "<group>"; };
		CA8654E61F3CCF21003B47D4 /* Base */ = {isa = PBXFileReference; lastKnownFileType = file.storyboard; name = Base; path = Base.lproj/LaunchScreen.storyboard; sourceTree = "<group>"; };
		CA8654E81F3CCF21003B47D4 /* Info.plist */ = {isa = PBXFileReference; lastKnownFileType = text.plist.xml; path = Info.plist; sourceTree = "<group>"; };
		CA8654EE1F3CCF49003B47D4 /* .gitignore */ = {isa = PBXFileReference; lastKnownFileType = text; path = .gitignore; sourceTree = "<group>"; };
		CA8654F71F3D1599003B47D4 /* ChatVC.swift */ = {isa = PBXFileReference; lastKnownFileType = sourcecode.swift; path = ChatVC.swift; sourceTree = "<group>"; };
		CA8654F91F3D15AB003B47D4 /* ChannelVC.swift */ = {isa = PBXFileReference; lastKnownFileType = sourcecode.swift; path = ChannelVC.swift; sourceTree = "<group>"; };
		CA8654FF1F3D19E2003B47D4 /* SWRevealViewController.m */ = {isa = PBXFileReference; lastKnownFileType = sourcecode.c.objc; path = SWRevealViewController.m; sourceTree = "<group>"; };
		CA8655001F3D19E2003B47D4 /* SWRevealViewController.h */ = {isa = PBXFileReference; lastKnownFileType = sourcecode.c.h; path = SWRevealViewController.h; sourceTree = "<group>"; };
		CA8655021F3D1B16003B47D4 /* Smack-Bridging-Header.h */ = {isa = PBXFileReference; lastKnownFileType = sourcecode.c.h; path = "Smack-Bridging-Header.h"; sourceTree = "<group>"; };
/* End PBXFileReference section */

/* Begin PBXFrameworksBuildPhase section */
		CA8654D61F3CCF21003B47D4 /* Frameworks */ = {
			isa = PBXFrameworksBuildPhase;
			buildActionMask = 2147483647;
			files = (
				5FA832925334F720FD522C6F /* Pods_Smack.framework in Frameworks */,
			);
			runOnlyForDeploymentPostprocessing = 0;
		};
/* End PBXFrameworksBuildPhase section */

/* Begin PBXGroup section */
		5EAE4C0F2FA3B1A437F5C998 /* Frameworks */ = {
			isa = PBXGroup;
			children = (
				4CCE6144D2DC4D64B2585905 /* Pods_Smack.framework */,
			);
			name = Frameworks;
			sourceTree = "<group>";
		};
		CA8654D01F3CCF21003B47D4 = {
			isa = PBXGroup;
			children = (
				CA8654EE1F3CCF49003B47D4 /* .gitignore */,
				CA8654DB1F3CCF21003B47D4 /* Smack */,
				CA8654DA1F3CCF21003B47D4 /* Products */,
				D061418AFB48F94F2B6EA8EE /* Pods */,
				5EAE4C0F2FA3B1A437F5C998 /* Frameworks */,
			);
			sourceTree = "<group>";
		};
		CA8654DA1F3CCF21003B47D4 /* Products */ = {
			isa = PBXGroup;
			children = (
				CA8654D91F3CCF21003B47D4 /* Smack.app */,
			);
			name = Products;
			sourceTree = "<group>";
		};
		CA8654DB1F3CCF21003B47D4 /* Smack */ = {
			isa = PBXGroup;
			children = (
				CA8654FB1F3D1959003B47D4 /* Supporting Files */,
				CA8654F61F3D1583003B47D4 /* Model */,
				CA8654F51F3D157C003B47D4 /* View */,
				CA8654F41F3D1573003B47D4 /* Controller */,
				CA8654DC1F3CCF21003B47D4 /* AppDelegate.swift */,
				CA8654E01F3CCF21003B47D4 /* Main.storyboard */,
				CA8654E31F3CCF21003B47D4 /* Assets.xcassets */,
				CA8654E51F3CCF21003B47D4 /* LaunchScreen.storyboard */,
				CA8654E81F3CCF21003B47D4 /* Info.plist */,
			);
			path = Smack;
			sourceTree = "<group>";
		};
		CA8654F41F3D1573003B47D4 /* Controller */ = {
			isa = PBXGroup;
			children = (
				CA8654F71F3D1599003B47D4 /* ChatVC.swift */,
				CA8654F91F3D15AB003B47D4 /* ChannelVC.swift */,
			);
			path = Controller;
			sourceTree = "<group>";
		};
		CA8654F51F3D157C003B47D4 /* View */ = {
			isa = PBXGroup;
			children = (
			);
			path = View;
			sourceTree = "<group>";
		};
		CA8654F61F3D1583003B47D4 /* Model */ = {
			isa = PBXGroup;
			children = (
			);
			path = Model;
			sourceTree = "<group>";
		};
		CA8654FB1F3D1959003B47D4 /* Supporting Files */ = {
			isa = PBXGroup;
			children = (
				CA8655021F3D1B16003B47D4 /* Smack-Bridging-Header.h */,
				CA8655001F3D19E2003B47D4 /* SWRevealViewController.h */,
				CA8654FF1F3D19E2003B47D4 /* SWRevealViewController.m */,
			);
			path = "Supporting Files";
			sourceTree = "<group>";
		};
		D061418AFB48F94F2B6EA8EE /* Pods */ = {
			isa = PBXGroup;
			children = (
				2F01A6B9BE7726A3491E5697 /* Pods-Smack.debug.xcconfig */,
				6BB7F89E500FECA3C06EE424 /* Pods-Smack.release.xcconfig */,
			);
			name = Pods;
			sourceTree = "<group>";
		};
/* End PBXGroup section */

/* Begin PBXNativeTarget section */
		CA8654D81F3CCF21003B47D4 /* Smack */ = {
			isa = PBXNativeTarget;
			buildConfigurationList = CA8654EB1F3CCF21003B47D4 /* Build configuration list for PBXNativeTarget "Smack" */;
			buildPhases = (
				7DA9D026C86FE2B784E081C9 /* [CP] Check Pods Manifest.lock */,
				CA8654D51F3CCF21003B47D4 /* Sources */,
				CA8654D61F3CCF21003B47D4 /* Frameworks */,
				CA8654D71F3CCF21003B47D4 /* Resources */,
				D5C53A5B16F80C8905CEB4EC /* [CP] Embed Pods Frameworks */,
				645ADB445C4ACDA8A8E2DCA6 /* [CP] Copy Pods Resources */,
			);
			buildRules = (
			);
			dependencies = (
			);
			name = Smack;
			productName = Smack;
			productReference = CA8654D91F3CCF21003B47D4 /* Smack.app */;
			productType = "com.apple.product-type.application";
		};
/* End PBXNativeTarget section */

/* Begin PBXProject section */
		CA8654D11F3CCF21003B47D4 /* Project object */ = {
			isa = PBXProject;
			attributes = {
				LastSwiftUpdateCheck = 0900;
				LastUpgradeCheck = 0900;
				ORGANIZATIONNAME = "Justin Erickson";
				TargetAttributes = {
					CA8654D81F3CCF21003B47D4 = {
						CreatedOnToolsVersion = 9.0;
						LastSwiftMigration = 0900;
					};
				};
			};
			buildConfigurationList = CA8654D41F3CCF21003B47D4 /* Build configuration list for PBXProject "Smack" */;
			compatibilityVersion = "Xcode 8.0";
			developmentRegion = en;
			hasScannedForEncodings = 0;
			knownRegions = (
				en,
				Base,
			);
			mainGroup = CA8654D01F3CCF21003B47D4;
			productRefGroup = CA8654DA1F3CCF21003B47D4 /* Products */;
			projectDirPath = "";
			projectRoot = "";
			targets = (
				CA8654D81F3CCF21003B47D4 /* Smack */,
			);
		};
/* End PBXProject section */

/* Begin PBXResourcesBuildPhase section */
		CA8654D71F3CCF21003B47D4 /* Resources */ = {
			isa = PBXResourcesBuildPhase;
			buildActionMask = 2147483647;
			files = (
				CA8654EF1F3CCF49003B47D4 /* .gitignore in Resources */,
				CA8654E71F3CCF21003B47D4 /* LaunchScreen.storyboard in Resources */,
				CA8654E41F3CCF21003B47D4 /* Assets.xcassets in Resources */,
				CA8654E21F3CCF21003B47D4 /* Main.storyboard in Resources */,
			);
			runOnlyForDeploymentPostprocessing = 0;
		};
/* End PBXResourcesBuildPhase section */

/* Begin PBXShellScriptBuildPhase section */
		645ADB445C4ACDA8A8E2DCA6 /* [CP] Copy Pods Resources */ = {
			isa = PBXShellScriptBuildPhase;
			buildActionMask = 2147483647;
			files = (
			);
			inputPaths = (
			);
			name = "[CP] Copy Pods Resources";
			outputPaths = (
			);
			runOnlyForDeploymentPostprocessing = 0;
			shellPath = /bin/sh;
			shellScript = "\"${SRCROOT}/Pods/Target Support Files/Pods-Smack/Pods-Smack-resources.sh\"\n";
			showEnvVarsInLog = 0;
		};
		7DA9D026C86FE2B784E081C9 /* [CP] Check Pods Manifest.lock */ = {
			isa = PBXShellScriptBuildPhase;
			buildActionMask = 2147483647;
			files = (
			);
			inputPaths = (
				"${PODS_PODFILE_DIR_PATH}/Podfile.lock",
				"${PODS_ROOT}/Manifest.lock",
			);
			name = "[CP] Check Pods Manifest.lock";
			outputPaths = (
				"$(DERIVED_FILE_DIR)/Pods-Smack-checkManifestLockResult.txt",
			);
			runOnlyForDeploymentPostprocessing = 0;
			shellPath = /bin/sh;
			shellScript = "diff \"${PODS_PODFILE_DIR_PATH}/Podfile.lock\" \"${PODS_ROOT}/Manifest.lock\" > /dev/null\nif [ $? != 0 ] ; then\n    # print error to STDERR\n    echo \"error: The sandbox is not in sync with the Podfile.lock. Run 'pod install' or update your CocoaPods installation.\" >&2\n    exit 1\nfi\n# This output is used by Xcode 'outputs' to avoid re-running this script phase.\necho \"SUCCESS\" > \"${SCRIPT_OUTPUT_FILE_0}\"\n";
			showEnvVarsInLog = 0;
		};
		D5C53A5B16F80C8905CEB4EC /* [CP] Embed Pods Frameworks */ = {
			isa = PBXShellScriptBuildPhase;
			buildActionMask = 2147483647;
			files = (
			);
			inputPaths = (
				"${SRCROOT}/Pods/Target Support Files/Pods-Smack/Pods-Smack-frameworks.sh",
				"${BUILT_PRODUCTS_DIR}/Alamofire/Alamofire.framework",
				"${BUILT_PRODUCTS_DIR}/Socket.IO-Client-Swift/SocketIO.framework",
				"${BUILT_PRODUCTS_DIR}/SwiftyJSON/SwiftyJSON.framework",
			);
			name = "[CP] Embed Pods Frameworks";
			outputPaths = (
				"${TARGET_BUILD_DIR}/${FRAMEWORKS_FOLDER_PATH}/Alamofire.framework",
				"${TARGET_BUILD_DIR}/${FRAMEWORKS_FOLDER_PATH}/SocketIO.framework",
				"${TARGET_BUILD_DIR}/${FRAMEWORKS_FOLDER_PATH}/SwiftyJSON.framework",
			);
			runOnlyForDeploymentPostprocessing = 0;
			shellPath = /bin/sh;
			shellScript = "\"${SRCROOT}/Pods/Target Support Files/Pods-Smack/Pods-Smack-frameworks.sh\"\n";
			showEnvVarsInLog = 0;
		};
/* End PBXShellScriptBuildPhase section */

/* Begin PBXSourcesBuildPhase section */
		CA8654D51F3CCF21003B47D4 /* Sources */ = {
			isa = PBXSourcesBuildPhase;
			buildActionMask = 2147483647;
			files = (
				CA8654F81F3D1599003B47D4 /* ChatVC.swift in Sources */,
				CA8654FA1F3D15AB003B47D4 /* ChannelVC.swift in Sources */,
				CA8654DD1F3CCF21003B47D4 /* AppDelegate.swift in Sources */,
				CA8655031F3D1CFA003B47D4 /* SWRevealViewController.m in Sources */,
			);
			runOnlyForDeploymentPostprocessing = 0;
		};
/* End PBXSourcesBuildPhase section */

/* Begin PBXVariantGroup section */
		CA8654E01F3CCF21003B47D4 /* Main.storyboard */ = {
			isa = PBXVariantGroup;
			children = (
				CA8654E11F3CCF21003B47D4 /* Base */,
			);
			name = Main.storyboard;
			sourceTree = "<group>";
		};
		CA8654E51F3CCF21003B47D4 /* LaunchScreen.storyboard */ = {
			isa = PBXVariantGroup;
			children = (
				CA8654E61F3CCF21003B47D4 /* Base */,
			);
			name = LaunchScreen.storyboard;
			sourceTree = "<group>";
		};
/* End PBXVariantGroup section */

/* Begin XCBuildConfiguration section */
		CA8654E91F3CCF21003B47D4 /* Debug */ = {
			isa = XCBuildConfiguration;
			buildSettings = {
				ALWAYS_SEARCH_USER_PATHS = NO;
				CLANG_ANALYZER_NONNULL = YES;
				CLANG_ANALYZER_NUMBER_OBJECT_CONVERSION = YES_AGGRESSIVE;
				CLANG_CXX_LANGUAGE_STANDARD = "gnu++14";
				CLANG_CXX_LIBRARY = "libc++";
				CLANG_ENABLE_MODULES = YES;
				CLANG_ENABLE_OBJC_ARC = YES;
				CLANG_WARN_BLOCK_CAPTURE_AUTORELEASING = YES;
				CLANG_WARN_BOOL_CONVERSION = YES;
				CLANG_WARN_COMMA = YES;
				CLANG_WARN_CONSTANT_CONVERSION = YES;
				CLANG_WARN_DIRECT_OBJC_ISA_USAGE = YES_ERROR;
				CLANG_WARN_DOCUMENTATION_COMMENTS = YES;
				CLANG_WARN_EMPTY_BODY = YES;
				CLANG_WARN_ENUM_CONVERSION = YES;
				CLANG_WARN_INFINITE_RECURSION = YES;
				CLANG_WARN_INT_CONVERSION = YES;
				CLANG_WARN_NON_LITERAL_NULL_CONVERSION = YES;
				CLANG_WARN_OBJC_LITERAL_CONVERSION = YES;
				CLANG_WARN_OBJC_ROOT_CLASS = YES_ERROR;
				CLANG_WARN_RANGE_LOOP_ANALYSIS = YES;
				CLANG_WARN_STRICT_PROTOTYPES = YES;
				CLANG_WARN_SUSPICIOUS_MOVE = YES;
				CLANG_WARN_UNGUARDED_AVAILABILITY = YES_AGGRESSIVE;
				CLANG_WARN_UNREACHABLE_CODE = YES;
				CLANG_WARN__DUPLICATE_METHOD_MATCH = YES;
				CODE_SIGN_IDENTITY = "iPhone Developer";
				COPY_PHASE_STRIP = NO;
				DEBUG_INFORMATION_FORMAT = dwarf;
				ENABLE_STRICT_OBJC_MSGSEND = YES;
				ENABLE_TESTABILITY = YES;
				GCC_C_LANGUAGE_STANDARD = gnu11;
				GCC_DYNAMIC_NO_PIC = NO;
				GCC_NO_COMMON_BLOCKS = YES;
				GCC_OPTIMIZATION_LEVEL = 0;
				GCC_PREPROCESSOR_DEFINITIONS = (
					"DEBUG=1",
					"$(inherited)",
				);
				GCC_WARN_64_TO_32_BIT_CONVERSION = YES;
				GCC_WARN_ABOUT_RETURN_TYPE = YES_ERROR;
				GCC_WARN_UNDECLARED_SELECTOR = YES;
				GCC_WARN_UNINITIALIZED_AUTOS = YES_AGGRESSIVE;
				GCC_WARN_UNUSED_FUNCTION = YES;
				GCC_WARN_UNUSED_VARIABLE = YES;
				IPHONEOS_DEPLOYMENT_TARGET = 11.0;
				MTL_ENABLE_DEBUG_INFO = YES;
				ONLY_ACTIVE_ARCH = YES;
				SDKROOT = iphoneos;
				SWIFT_ACTIVE_COMPILATION_CONDITIONS = DEBUG;
				SWIFT_OPTIMIZATION_LEVEL = "-Onone";
			};
			name = Debug;
		};
		CA8654EA1F3CCF21003B47D4 /* Release */ = {
			isa = XCBuildConfiguration;
			buildSettings = {
				ALWAYS_SEARCH_USER_PATHS = NO;
				CLANG_ANALYZER_NONNULL = YES;
				CLANG_ANALYZER_NUMBER_OBJECT_CONVERSION = YES_AGGRESSIVE;
				CLANG_CXX_LANGUAGE_STANDARD = "gnu++14";
				CLANG_CXX_LIBRARY = "libc++";
				CLANG_ENABLE_MODULES = YES;
				CLANG_ENABLE_OBJC_ARC = YES;
				CLANG_WARN_BLOCK_CAPTURE_AUTORELEASING = YES;
				CLANG_WARN_BOOL_CONVERSION = YES;
				CLANG_WARN_COMMA = YES;
				CLANG_WARN_CONSTANT_CONVERSION = YES;
				CLANG_WARN_DIRECT_OBJC_ISA_USAGE = YES_ERROR;
				CLANG_WARN_DOCUMENTATION_COMMENTS = YES;
				CLANG_WARN_EMPTY_BODY = YES;
				CLANG_WARN_ENUM_CONVERSION = YES;
				CLANG_WARN_INFINITE_RECURSION = YES;
				CLANG_WARN_INT_CONVERSION = YES;
				CLANG_WARN_NON_LITERAL_NULL_CONVERSION = YES;
				CLANG_WARN_OBJC_LITERAL_CONVERSION = YES;
				CLANG_WARN_OBJC_ROOT_CLASS = YES_ERROR;
				CLANG_WARN_RANGE_LOOP_ANALYSIS = YES;
				CLANG_WARN_STRICT_PROTOTYPES = YES;
				CLANG_WARN_SUSPICIOUS_MOVE = YES;
				CLANG_WARN_UNGUARDED_AVAILABILITY = YES_AGGRESSIVE;
				CLANG_WARN_UNREACHABLE_CODE = YES;
				CLANG_WARN__DUPLICATE_METHOD_MATCH = YES;
				CODE_SIGN_IDENTITY = "iPhone Developer";
				COPY_PHASE_STRIP = NO;
				DEBUG_INFORMATION_FORMAT = "dwarf-with-dsym";
				ENABLE_NS_ASSERTIONS = NO;
				ENABLE_STRICT_OBJC_MSGSEND = YES;
				GCC_C_LANGUAGE_STANDARD = gnu11;
				GCC_NO_COMMON_BLOCKS = YES;
				GCC_WARN_64_TO_32_BIT_CONVERSION = YES;
				GCC_WARN_ABOUT_RETURN_TYPE = YES_ERROR;
				GCC_WARN_UNDECLARED_SELECTOR = YES;
				GCC_WARN_UNINITIALIZED_AUTOS = YES_AGGRESSIVE;
				GCC_WARN_UNUSED_FUNCTION = YES;
				GCC_WARN_UNUSED_VARIABLE = YES;
				IPHONEOS_DEPLOYMENT_TARGET = 11.0;
				MTL_ENABLE_DEBUG_INFO = NO;
				SDKROOT = iphoneos;
				SWIFT_OPTIMIZATION_LEVEL = "-Owholemodule";
				VALIDATE_PRODUCT = YES;
			};
			name = Release;
		};
		CA8654EC1F3CCF21003B47D4 /* Debug */ = {
			isa = XCBuildConfiguration;
			baseConfigurationReference = 2F01A6B9BE7726A3491E5697 /* Pods-Smack.debug.xcconfig */;
			buildSettings = {
				ASSETCATALOG_COMPILER_APPICON_NAME = AppIcon;
				CLANG_ENABLE_MODULES = YES;
				DEVELOPMENT_TEAM = LCHZAHJK5X;
				INFOPLIST_FILE = Smack/Info.plist;
				LD_RUNPATH_SEARCH_PATHS = "$(inherited) @executable_path/Frameworks";
				PRODUCT_BUNDLE_IDENTIFIER = com.JustinErickson.Smack;
				PRODUCT_NAME = "$(TARGET_NAME)";
				SWIFT_OBJC_BRIDGING_HEADER = "./Smack/Supporting Files/Smack-Bridging-Header.h";
				SWIFT_OPTIMIZATION_LEVEL = "-Onone";
				SWIFT_VERSION = 4.0;
				TARGETED_DEVICE_FAMILY = "1,2";
			};
			name = Debug;
		};
		CA8654ED1F3CCF21003B47D4 /* Release */ = {
			isa = XCBuildConfiguration;
			baseConfigurationReference = 6BB7F89E500FECA3C06EE424 /* Pods-Smack.release.xcconfig */;
			buildSettings = {
				ASSETCATALOG_COMPILER_APPICON_NAME = AppIcon;
				CLANG_ENABLE_MODULES = YES;
				DEVELOPMENT_TEAM = LCHZAHJK5X;
				INFOPLIST_FILE = Smack/Info.plist;
				LD_RUNPATH_SEARCH_PATHS = "$(inherited) @executable_path/Frameworks";
				PRODUCT_BUNDLE_IDENTIFIER = com.JustinErickson.Smack;
				PRODUCT_NAME = "$(TARGET_NAME)";
				SWIFT_OBJC_BRIDGING_HEADER = "./Smack/Supporting Files/Smack-Bridging-Header.h";
				SWIFT_VERSION = 4.0;
				TARGETED_DEVICE_FAMILY = "1,2";
			};
			name = Release;
		};
/* End XCBuildConfiguration section */

/* Begin XCConfigurationList section */
		CA8654D41F3CCF21003B47D4 /* Build configuration list for PBXProject "Smack" */ = {
			isa = XCConfigurationList;
			buildConfigurations = (
				CA8654E91F3CCF21003B47D4 /* Debug */,
				CA8654EA1F3CCF21003B47D4 /* Release */,
			);
			defaultConfigurationIsVisible = 0;
			defaultConfigurationName = Release;
		};
		CA8654EB1F3CCF21003B47D4 /* Build configuration list for PBXNativeTarget "Smack" */ = {
			isa = XCConfigurationList;
			buildConfigurations = (
				CA8654EC1F3CCF21003B47D4 /* Debug */,
				CA8654ED1F3CCF21003B47D4 /* Release */,
			);
			defaultConfigurationIsVisible = 0;
			defaultConfigurationName = Release;
		};
/* End XCConfigurationList section */
	};
	rootObject = CA8654D11F3CCF21003B47D4 /* Project object */;
}
